<?xml version="1.0" encoding="utf-8"?>
<Project ToolsVersion="4.0" xmlns="http://schemas.microsoft.com/developer/msbuild/2003">
  <ItemGroup>
    <Filter Include="Source Files">
      <UniqueIdentifier>{4FC737F1-C7A5-4376-A066-2A32D752A2FF}</UniqueIdentifier>
      <Extensions>cpp;c;cc;cxx;def;odl;idl;hpj;bat;asm;asmx</Extensions>
    </Filter>
    <Filter Include="Header Files">
      <UniqueIdentifier>{93995380-89BD-4b04-88EB-625FBE52EBFB}</UniqueIdentifier>
      <Extensions>h;hpp;hxx;hm;inl;inc;xsd</Extensions>
    </Filter>
    <Filter Include="blocks">
      <UniqueIdentifier>{ce4a8d73-047e-4657-a6cd-ea4b1e7382c3}</UniqueIdentifier>
    </Filter>
    <Filter Include="Resources">
      <UniqueIdentifier>{75daaca1-e873-4e76-bf79-7f6032d56309}</UniqueIdentifier>
    </Filter>
    <Filter Include="blocks\Cinder-Bullet">
      <UniqueIdentifier>{9f88b1df-9dae-4054-919d-536e7d74aea5}</UniqueIdentifier>
    </Filter>
    <Filter Include="blocks\Cinder-Bullet\bullet">
      <UniqueIdentifier>{ff259459-e8d7-44a0-8671-80f806b2d43d}</UniqueIdentifier>
    </Filter>
    <Filter Include="blocks\Cinder-Bullet\bullet\BulletCollision">
      <UniqueIdentifier>{0e9d1284-ed9d-4f6d-84dc-cc22e307ddb4}</UniqueIdentifier>
    </Filter>
    <Filter Include="blocks\Cinder-Bullet\bullet\BulletCollision\BroadphaseCollision">
      <UniqueIdentifier>{397e640a-c118-4af7-a90f-86357a3802f5}</UniqueIdentifier>
    </Filter>
    <Filter Include="blocks\Cinder-Bullet\bullet\BulletCollision\CollisionDispatch">
      <UniqueIdentifier>{1e4a6bc1-815e-479e-aac4-a987625209d4}</UniqueIdentifier>
    </Filter>
    <Filter Include="blocks\Cinder-Bullet\bullet\BulletCollision\CollisionShapes">
      <UniqueIdentifier>{c283ae21-6cc1-4c1c-af1d-923d82cdd8fc}</UniqueIdentifier>
    </Filter>
    <Filter Include="blocks\Cinder-Bullet\bullet\BulletCollision\Gimpact">
      <UniqueIdentifier>{d68beecb-be3b-4e56-849e-e7f4000b58d0}</UniqueIdentifier>
    </Filter>
    <Filter Include="blocks\Cinder-Bullet\bullet\BulletCollision\NarrowPhaseCollision">
      <UniqueIdentifier>{353e1bd8-9e6f-46b6-bb85-3cb34549d40b}</UniqueIdentifier>
    </Filter>
    <Filter Include="blocks\Cinder-Bullet\bullet\BulletDynamics">
      <UniqueIdentifier>{4e6ad550-ab17-4e43-9690-d4fe2c69fbbb}</UniqueIdentifier>
    </Filter>
    <Filter Include="blocks\Cinder-Bullet\bullet\BulletDynamics\Character">
      <UniqueIdentifier>{32b9ed68-1769-4cc8-9042-10f5f1a392da}</UniqueIdentifier>
    </Filter>
    <Filter Include="blocks\Cinder-Bullet\bullet\BulletDynamics\ConstraintSolver">
      <UniqueIdentifier>{73ea584d-3399-43fe-9863-b689f40540a5}</UniqueIdentifier>
    </Filter>
    <Filter Include="blocks\Cinder-Bullet\bullet\BulletDynamics\Dynamics">
      <UniqueIdentifier>{c9c4320d-18bf-45f3-9f8d-9bc249f42414}</UniqueIdentifier>
    </Filter>
    <Filter Include="blocks\Cinder-Bullet\bullet\BulletDynamics\Vehicle">
      <UniqueIdentifier>{b70364f9-8252-4a05-a8af-4fe0130289c4}</UniqueIdentifier>
    </Filter>
    <Filter Include="blocks\Cinder-Bullet\bullet\BulletSoftBody">
      <UniqueIdentifier>{eb710e46-0766-4f74-b911-11d936f9d1c7}</UniqueIdentifier>
    </Filter>
    <Filter Include="blocks\Cinder-Bullet\bullet\LinearMath">
      <UniqueIdentifier>{45bc7fba-50a8-4e94-b70f-5e49ad53a9d6}</UniqueIdentifier>
    </Filter>
    <Filter Include="blocks\Cinder-MeshHelper">
      <UniqueIdentifier>{3761f11b-58cb-49ef-92ca-538f6ea5dc7d}</UniqueIdentifier>
    </Filter>
    <Filter Include="blocks\Cinder-MeshHelper\src">
      <UniqueIdentifier>{c9cb5470-f914-4df0-845f-9e50eabfa4c9}</UniqueIdentifier>
    </Filter>
  </ItemGroup>
  <ItemGroup>
    <ClInclude Include="..\include\Resources.h">
      <Filter>Header Files</Filter>
    </ClInclude>
    <ClInclude Include="..\..\..\src\CinderBullet.h">
      <Filter>blocks\Cinder-Bullet</Filter>
    </ClInclude>
    <ClInclude Include="..\..\..\src\CollisionObject.h">
      <Filter>blocks\Cinder-Bullet</Filter>
    </ClInclude>
    <ClInclude Include="..\..\..\src\DynamicsWorld.h">
      <Filter>blocks\Cinder-Bullet</Filter>
    </ClInclude>
    <ClInclude Include="..\..\..\src\Utilities.h">
      <Filter>blocks\Cinder-Bullet</Filter>
    </ClInclude>
    <ClInclude Include="..\..\..\src\RigidBody.h">
      <Filter>blocks\Cinder-Bullet</Filter>
    </ClInclude>
    <ClInclude Include="..\..\..\src\SoftBody.h">
      <Filter>blocks\Cinder-Bullet</Filter>
    </ClInclude>
    <ClInclude Include="..\..\..\src\Constraint.h">
      <Filter>blocks\Cinder-Bullet</Filter>
    </ClInclude>
    <ClInclude Include="..\..\..\src\bullet\btBulletCollisionCommon.h">
      <Filter>blocks\Cinder-Bullet\bullet</Filter>
    </ClInclude>
    <ClInclude Include="..\..\..\src\bullet\btBulletDynamicsCommon.h">
      <Filter>blocks\Cinder-Bullet\bullet</Filter>
    </ClInclude>
    <ClInclude Include="..\..\..\src\bullet\Bullet-C-Api.h">
      <Filter>blocks\Cinder-Bullet\bullet</Filter>
    </ClInclude>
    <ClInclude Include="..\..\..\src\bullet\BulletCollision\BroadphaseCollision\btAxisSweep3.h">
      <Filter>blocks\Cinder-Bullet\bullet\BulletCollision\BroadphaseCollision</Filter>
    </ClInclude>
    <ClInclude Include="..\..\..\src\bullet\BulletCollision\BroadphaseCollision\btBroadphaseInterface.h">
      <Filter>blocks\Cinder-Bullet\bullet\BulletCollision\BroadphaseCollision</Filter>
    </ClInclude>
    <ClInclude Include="..\..\..\src\bullet\BulletCollision\BroadphaseCollision\btBroadphaseProxy.h">
      <Filter>blocks\Cinder-Bullet\bullet\BulletCollision\BroadphaseCollision</Filter>
    </ClInclude>
    <ClInclude Include="..\..\..\src\bullet\BulletCollision\BroadphaseCollision\btCollisionAlgorithm.h">
      <Filter>blocks\Cinder-Bullet\bullet\BulletCollision\BroadphaseCollision</Filter>
    </ClInclude>
    <ClInclude Include="..\..\..\src\bullet\BulletCollision\BroadphaseCollision\btDbvt.h">
      <Filter>blocks\Cinder-Bullet\bullet\BulletCollision\BroadphaseCollision</Filter>
    </ClInclude>
    <ClInclude Include="..\..\..\src\bullet\BulletCollision\BroadphaseCollision\btDbvtBroadphase.h">
      <Filter>blocks\Cinder-Bullet\bullet\BulletCollision\BroadphaseCollision</Filter>
    </ClInclude>
    <ClInclude Include="..\..\..\src\bullet\BulletCollision\BroadphaseCollision\btDispatcher.h">
      <Filter>blocks\Cinder-Bullet\bullet\BulletCollision\BroadphaseCollision</Filter>
    </ClInclude>
    <ClInclude Include="..\..\..\src\bullet\BulletCollision\BroadphaseCollision\btMultiSapBroadphase.h">
      <Filter>blocks\Cinder-Bullet\bullet\BulletCollision\BroadphaseCollision</Filter>
    </ClInclude>
    <ClInclude Include="..\..\..\src\bullet\BulletCollision\BroadphaseCollision\btOverlappingPairCache.h">
      <Filter>blocks\Cinder-Bullet\bullet\BulletCollision\BroadphaseCollision</Filter>
    </ClInclude>
    <ClInclude Include="..\..\..\src\bullet\BulletCollision\BroadphaseCollision\btOverlappingPairCallback.h">
      <Filter>blocks\Cinder-Bullet\bullet\BulletCollision\BroadphaseCollision</Filter>
    </ClInclude>
    <ClInclude Include="..\..\..\src\bullet\BulletCollision\BroadphaseCollision\btQuantizedBvh.h">
      <Filter>blocks\Cinder-Bullet\bullet\BulletCollision\BroadphaseCollision</Filter>
    </ClInclude>
    <ClInclude Include="..\..\..\src\bullet\BulletCollision\BroadphaseCollision\btSimpleBroadphase.h">
      <Filter>blocks\Cinder-Bullet\bullet\BulletCollision\BroadphaseCollision</Filter>
    </ClInclude>
    <ClInclude Include="..\..\..\src\bullet\BulletCollision\CollisionDispatch\btActivatingCollisionAlgorithm.h">
      <Filter>blocks\Cinder-Bullet\bullet\BulletCollision\CollisionDispatch</Filter>
    </ClInclude>
    <ClInclude Include="..\..\..\src\bullet\BulletCollision\CollisionDispatch\btBox2dBox2dCollisionAlgorithm.h">
      <Filter>blocks\Cinder-Bullet\bullet\BulletCollision\CollisionDispatch</Filter>
    </ClInclude>
    <ClInclude Include="..\..\..\src\bullet\BulletCollision\CollisionDispatch\btBoxBoxCollisionAlgorithm.h">
      <Filter>blocks\Cinder-Bullet\bullet\BulletCollision\CollisionDispatch</Filter>
    </ClInclude>
    <ClInclude Include="..\..\..\src\bullet\BulletCollision\CollisionDispatch\btBoxBoxDetector.h">
      <Filter>blocks\Cinder-Bullet\bullet\BulletCollision\CollisionDispatch</Filter>
    </ClInclude>
    <ClInclude Include="..\..\..\src\bullet\BulletCollision\CollisionDispatch\btCollisionConfiguration.h">
      <Filter>blocks\Cinder-Bullet\bullet\BulletCollision\CollisionDispatch</Filter>
    </ClInclude>
    <ClInclude Include="..\..\..\src\bullet\BulletCollision\CollisionDispatch\btCollisionCreateFunc.h">
      <Filter>blocks\Cinder-Bullet\bullet\BulletCollision\CollisionDispatch</Filter>
    </ClInclude>
    <ClInclude Include="..\..\..\src\bullet\BulletCollision\CollisionDispatch\btCollisionDispatcher.h">
      <Filter>blocks\Cinder-Bullet\bullet\BulletCollision\CollisionDispatch</Filter>
    </ClInclude>
    <ClInclude Include="..\..\..\src\bullet\BulletCollision\CollisionDispatch\btCollisionObject.h">
      <Filter>blocks\Cinder-Bullet\bullet\BulletCollision\CollisionDispatch</Filter>
    </ClInclude>
    <ClInclude Include="..\..\..\src\bullet\BulletCollision\CollisionDispatch\btCollisionObjectWrapper.h">
      <Filter>blocks\Cinder-Bullet\bullet\BulletCollision\CollisionDispatch</Filter>
    </ClInclude>
    <ClInclude Include="..\..\..\src\bullet\BulletCollision\CollisionDispatch\btCollisionWorld.h">
      <Filter>blocks\Cinder-Bullet\bullet\BulletCollision\CollisionDispatch</Filter>
    </ClInclude>
    <ClInclude Include="..\..\..\src\bullet\BulletCollision\CollisionDispatch\btCompoundCollisionAlgorithm.h">
      <Filter>blocks\Cinder-Bullet\bullet\BulletCollision\CollisionDispatch</Filter>
    </ClInclude>
    <ClInclude Include="..\..\..\src\bullet\BulletCollision\CollisionDispatch\btConvex2dConvex2dAlgorithm.h">
      <Filter>blocks\Cinder-Bullet\bullet\BulletCollision\CollisionDispatch</Filter>
    </ClInclude>
    <ClInclude Include="..\..\..\src\bullet\BulletCollision\CollisionDispatch\btConvexConcaveCollisionAlgorithm.h">
      <Filter>blocks\Cinder-Bullet\bullet\BulletCollision\CollisionDispatch</Filter>
    </ClInclude>
    <ClInclude Include="..\..\..\src\bullet\BulletCollision\CollisionDispatch\btConvexConvexAlgorithm.h">
      <Filter>blocks\Cinder-Bullet\bullet\BulletCollision\CollisionDispatch</Filter>
    </ClInclude>
    <ClInclude Include="..\..\..\src\bullet\BulletCollision\CollisionDispatch\btConvexPlaneCollisionAlgorithm.h">
      <Filter>blocks\Cinder-Bullet\bullet\BulletCollision\CollisionDispatch</Filter>
    </ClInclude>
    <ClInclude Include="..\..\..\src\bullet\BulletCollision\CollisionDispatch\btDefaultCollisionConfiguration.h">
      <Filter>blocks\Cinder-Bullet\bullet\BulletCollision\CollisionDispatch</Filter>
    </ClInclude>
    <ClInclude Include="..\..\..\src\bullet\BulletCollision\CollisionDispatch\btEmptyCollisionAlgorithm.h">
      <Filter>blocks\Cinder-Bullet\bullet\BulletCollision\CollisionDispatch</Filter>
    </ClInclude>
    <ClInclude Include="..\..\..\src\bullet\BulletCollision\CollisionDispatch\btGhostObject.h">
      <Filter>blocks\Cinder-Bullet\bullet\BulletCollision\CollisionDispatch</Filter>
    </ClInclude>
    <ClInclude Include="..\..\..\src\bullet\BulletCollision\CollisionDispatch\btInternalEdgeUtility.h">
      <Filter>blocks\Cinder-Bullet\bullet\BulletCollision\CollisionDispatch</Filter>
    </ClInclude>
    <ClInclude Include="..\..\..\src\bullet\BulletCollision\CollisionDispatch\btManifoldResult.h">
      <Filter>blocks\Cinder-Bullet\bullet\BulletCollision\CollisionDispatch</Filter>
    </ClInclude>
    <ClInclude Include="..\..\..\src\bullet\BulletCollision\CollisionDispatch\btSimulationIslandManager.h">
      <Filter>blocks\Cinder-Bullet\bullet\BulletCollision\CollisionDispatch</Filter>
    </ClInclude>
    <ClInclude Include="..\..\..\src\bullet\BulletCollision\CollisionDispatch\btSphereBoxCollisionAlgorithm.h">
      <Filter>blocks\Cinder-Bullet\bullet\BulletCollision\CollisionDispatch</Filter>
    </ClInclude>
    <ClInclude Include="..\..\..\src\bullet\BulletCollision\CollisionDispatch\btSphereSphereCollisionAlgorithm.h">
      <Filter>blocks\Cinder-Bullet\bullet\BulletCollision\CollisionDispatch</Filter>
    </ClInclude>
    <ClInclude Include="..\..\..\src\bullet\BulletCollision\CollisionDispatch\btSphereTriangleCollisionAlgorithm.h">
      <Filter>blocks\Cinder-Bullet\bullet\BulletCollision\CollisionDispatch</Filter>
    </ClInclude>
    <ClInclude Include="..\..\..\src\bullet\BulletCollision\CollisionDispatch\btUnionFind.h">
      <Filter>blocks\Cinder-Bullet\bullet\BulletCollision\CollisionDispatch</Filter>
    </ClInclude>
    <ClInclude Include="..\..\..\src\bullet\BulletCollision\CollisionDispatch\SphereTriangleDetector.h">
      <Filter>blocks\Cinder-Bullet\bullet\BulletCollision\CollisionDispatch</Filter>
    </ClInclude>
    <ClInclude Include="..\..\..\src\bullet\BulletCollision\CollisionShapes\btBox2dShape.h">
      <Filter>blocks\Cinder-Bullet\bullet\BulletCollision\CollisionShapes</Filter>
    </ClInclude>
    <ClInclude Include="..\..\..\src\bullet\BulletCollision\CollisionShapes\btBoxShape.h">
      <Filter>blocks\Cinder-Bullet\bullet\BulletCollision\CollisionShapes</Filter>
    </ClInclude>
    <ClInclude Include="..\..\..\src\bullet\BulletCollision\CollisionShapes\btBvhTriangleMeshShape.h">
      <Filter>blocks\Cinder-Bullet\bullet\BulletCollision\CollisionShapes</Filter>
    </ClInclude>
    <ClInclude Include="..\..\..\src\bullet\BulletCollision\CollisionShapes\btCapsuleShape.h">
      <Filter>blocks\Cinder-Bullet\bullet\BulletCollision\CollisionShapes</Filter>
    </ClInclude>
    <ClInclude Include="..\..\..\src\bullet\BulletCollision\CollisionShapes\btCollisionMargin.h">
      <Filter>blocks\Cinder-Bullet\bullet\BulletCollision\CollisionShapes</Filter>
    </ClInclude>
    <ClInclude Include="..\..\..\src\bullet\BulletCollision\CollisionShapes\btCollisionShape.h">
      <Filter>blocks\Cinder-Bullet\bullet\BulletCollision\CollisionShapes</Filter>
    </ClInclude>
    <ClInclude Include="..\..\..\src\bullet\BulletCollision\CollisionShapes\btCompoundShape.h">
      <Filter>blocks\Cinder-Bullet\bullet\BulletCollision\CollisionShapes</Filter>
    </ClInclude>
    <ClInclude Include="..\..\..\src\bullet\BulletCollision\CollisionShapes\btConcaveShape.h">
      <Filter>blocks\Cinder-Bullet\bullet\BulletCollision\CollisionShapes</Filter>
    </ClInclude>
    <ClInclude Include="..\..\..\src\bullet\BulletCollision\CollisionShapes\btConeShape.h">
      <Filter>blocks\Cinder-Bullet\bullet\BulletCollision\CollisionShapes</Filter>
    </ClInclude>
    <ClInclude Include="..\..\..\src\bullet\BulletCollision\CollisionShapes\btConvex2dShape.h">
      <Filter>blocks\Cinder-Bullet\bullet\BulletCollision\CollisionShapes</Filter>
    </ClInclude>
    <ClInclude Include="..\..\..\src\bullet\BulletCollision\CollisionShapes\btConvexHullShape.h">
      <Filter>blocks\Cinder-Bullet\bullet\BulletCollision\CollisionShapes</Filter>
    </ClInclude>
    <ClInclude Include="..\..\..\src\bullet\BulletCollision\CollisionShapes\btConvexInternalShape.h">
      <Filter>blocks\Cinder-Bullet\bullet\BulletCollision\CollisionShapes</Filter>
    </ClInclude>
    <ClInclude Include="..\..\..\src\bullet\BulletCollision\CollisionShapes\btConvexPointCloudShape.h">
      <Filter>blocks\Cinder-Bullet\bullet\BulletCollision\CollisionShapes</Filter>
    </ClInclude>
    <ClInclude Include="..\..\..\src\bullet\BulletCollision\CollisionShapes\btConvexPolyhedron.h">
      <Filter>blocks\Cinder-Bullet\bullet\BulletCollision\CollisionShapes</Filter>
    </ClInclude>
    <ClInclude Include="..\..\..\src\bullet\BulletCollision\CollisionShapes\btConvexShape.h">
      <Filter>blocks\Cinder-Bullet\bullet\BulletCollision\CollisionShapes</Filter>
    </ClInclude>
    <ClInclude Include="..\..\..\src\bullet\BulletCollision\CollisionShapes\btConvexTriangleMeshShape.h">
      <Filter>blocks\Cinder-Bullet\bullet\BulletCollision\CollisionShapes</Filter>
    </ClInclude>
    <ClInclude Include="..\..\..\src\bullet\BulletCollision\CollisionShapes\btCylinderShape.h">
      <Filter>blocks\Cinder-Bullet\bullet\BulletCollision\CollisionShapes</Filter>
    </ClInclude>
    <ClInclude Include="..\..\..\src\bullet\BulletCollision\CollisionShapes\btEmptyShape.h">
      <Filter>blocks\Cinder-Bullet\bullet\BulletCollision\CollisionShapes</Filter>
    </ClInclude>
    <ClInclude Include="..\..\..\src\bullet\BulletCollision\CollisionShapes\btHeightfieldTerrainShape.h">
      <Filter>blocks\Cinder-Bullet\bullet\BulletCollision\CollisionShapes</Filter>
    </ClInclude>
    <ClInclude Include="..\..\..\src\bullet\BulletCollision\CollisionShapes\btMaterial.h">
      <Filter>blocks\Cinder-Bullet\bullet\BulletCollision\CollisionShapes</Filter>
    </ClInclude>
    <ClInclude Include="..\..\..\src\bullet\BulletCollision\CollisionShapes\btMinkowskiSumShape.h">
      <Filter>blocks\Cinder-Bullet\bullet\BulletCollision\CollisionShapes</Filter>
    </ClInclude>
    <ClInclude Include="..\..\..\src\bullet\BulletCollision\CollisionShapes\btMultimaterialTriangleMeshShape.h">
      <Filter>blocks\Cinder-Bullet\bullet\BulletCollision\CollisionShapes</Filter>
    </ClInclude>
    <ClInclude Include="..\..\..\src\bullet\BulletCollision\CollisionShapes\btMultiSphereShape.h">
      <Filter>blocks\Cinder-Bullet\bullet\BulletCollision\CollisionShapes</Filter>
    </ClInclude>
    <ClInclude Include="..\..\..\src\bullet\BulletCollision\CollisionShapes\btOptimizedBvh.h">
      <Filter>blocks\Cinder-Bullet\bullet\BulletCollision\CollisionShapes</Filter>
    </ClInclude>
    <ClInclude Include="..\..\..\src\bullet\BulletCollision\CollisionShapes\btPolyhedralConvexShape.h">
      <Filter>blocks\Cinder-Bullet\bullet\BulletCollision\CollisionShapes</Filter>
    </ClInclude>
    <ClInclude Include="..\..\..\src\bullet\BulletCollision\CollisionShapes\btScaledBvhTriangleMeshShape.h">
      <Filter>blocks\Cinder-Bullet\bullet\BulletCollision\CollisionShapes</Filter>
    </ClInclude>
    <ClInclude Include="..\..\..\src\bullet\BulletCollision\CollisionShapes\btShapeHull.h">
      <Filter>blocks\Cinder-Bullet\bullet\BulletCollision\CollisionShapes</Filter>
    </ClInclude>
    <ClInclude Include="..\..\..\src\bullet\BulletCollision\CollisionShapes\btSphereShape.h">
      <Filter>blocks\Cinder-Bullet\bullet\BulletCollision\CollisionShapes</Filter>
    </ClInclude>
    <ClInclude Include="..\..\..\src\bullet\BulletCollision\CollisionShapes\btStaticPlaneShape.h">
      <Filter>blocks\Cinder-Bullet\bullet\BulletCollision\CollisionShapes</Filter>
    </ClInclude>
    <ClInclude Include="..\..\..\src\bullet\BulletCollision\CollisionShapes\btStridingMeshInterface.h">
      <Filter>blocks\Cinder-Bullet\bullet\BulletCollision\CollisionShapes</Filter>
    </ClInclude>
    <ClInclude Include="..\..\..\src\bullet\BulletCollision\CollisionShapes\btTetrahedronShape.h">
      <Filter>blocks\Cinder-Bullet\bullet\BulletCollision\CollisionShapes</Filter>
    </ClInclude>
    <ClInclude Include="..\..\..\src\bullet\BulletCollision\CollisionShapes\btTriangleBuffer.h">
      <Filter>blocks\Cinder-Bullet\bullet\BulletCollision\CollisionShapes</Filter>
    </ClInclude>
    <ClInclude Include="..\..\..\src\bullet\BulletCollision\CollisionShapes\btTriangleCallback.h">
      <Filter>blocks\Cinder-Bullet\bullet\BulletCollision\CollisionShapes</Filter>
    </ClInclude>
    <ClInclude Include="..\..\..\src\bullet\BulletCollision\CollisionShapes\btTriangleIndexVertexArray.h">
      <Filter>blocks\Cinder-Bullet\bullet\BulletCollision\CollisionShapes</Filter>
    </ClInclude>
    <ClInclude Include="..\..\..\src\bullet\BulletCollision\CollisionShapes\btTriangleIndexVertexMaterialArray.h">
      <Filter>blocks\Cinder-Bullet\bullet\BulletCollision\CollisionShapes</Filter>
    </ClInclude>
    <ClInclude Include="..\..\..\src\bullet\BulletCollision\CollisionShapes\btTriangleInfoMap.h">
      <Filter>blocks\Cinder-Bullet\bullet\BulletCollision\CollisionShapes</Filter>
    </ClInclude>
    <ClInclude Include="..\..\..\src\bullet\BulletCollision\CollisionShapes\btTriangleMesh.h">
      <Filter>blocks\Cinder-Bullet\bullet\BulletCollision\CollisionShapes</Filter>
    </ClInclude>
    <ClInclude Include="..\..\..\src\bullet\BulletCollision\CollisionShapes\btTriangleMeshShape.h">
      <Filter>blocks\Cinder-Bullet\bullet\BulletCollision\CollisionShapes</Filter>
    </ClInclude>
    <ClInclude Include="..\..\..\src\bullet\BulletCollision\CollisionShapes\btTriangleShape.h">
      <Filter>blocks\Cinder-Bullet\bullet\BulletCollision\CollisionShapes</Filter>
    </ClInclude>
    <ClInclude Include="..\..\..\src\bullet\BulletCollision\CollisionShapes\btUniformScalingShape.h">
      <Filter>blocks\Cinder-Bullet\bullet\BulletCollision\CollisionShapes</Filter>
    </ClInclude>
    <ClInclude Include="..\..\..\src\bullet\BulletCollision\Gimpact\btBoxCollision.h">
      <Filter>blocks\Cinder-Bullet\bullet\BulletCollision\Gimpact</Filter>
    </ClInclude>
    <ClInclude Include="..\..\..\src\bullet\BulletCollision\Gimpact\btClipPolygon.h">
      <Filter>blocks\Cinder-Bullet\bullet\BulletCollision\Gimpact</Filter>
    </ClInclude>
    <ClInclude Include="..\..\..\src\bullet\BulletCollision\Gimpact\btContactProcessing.h">
      <Filter>blocks\Cinder-Bullet\bullet\BulletCollision\Gimpact</Filter>
    </ClInclude>
    <ClInclude Include="..\..\..\src\bullet\BulletCollision\Gimpact\btGenericPoolAllocator.h">
      <Filter>blocks\Cinder-Bullet\bullet\BulletCollision\Gimpact</Filter>
    </ClInclude>
    <ClInclude Include="..\..\..\src\bullet\BulletCollision\Gimpact\btGeometryOperations.h">
      <Filter>blocks\Cinder-Bullet\bullet\BulletCollision\Gimpact</Filter>
    </ClInclude>
    <ClInclude Include="..\..\..\src\bullet\BulletCollision\Gimpact\btGImpactBvh.h">
      <Filter>blocks\Cinder-Bullet\bullet\BulletCollision\Gimpact</Filter>
    </ClInclude>
    <ClInclude Include="..\..\..\src\bullet\BulletCollision\Gimpact\btGImpactCollisionAlgorithm.h">
      <Filter>blocks\Cinder-Bullet\bullet\BulletCollision\Gimpact</Filter>
    </ClInclude>
    <ClInclude Include="..\..\..\src\bullet\BulletCollision\Gimpact\btGImpactMassUtil.h">
      <Filter>blocks\Cinder-Bullet\bullet\BulletCollision\Gimpact</Filter>
    </ClInclude>
    <ClInclude Include="..\..\..\src\bullet\BulletCollision\Gimpact\btGImpactQuantizedBvh.h">
      <Filter>blocks\Cinder-Bullet\bullet\BulletCollision\Gimpact</Filter>
    </ClInclude>
    <ClInclude Include="..\..\..\src\bullet\BulletCollision\Gimpact\btGImpactShape.h">
      <Filter>blocks\Cinder-Bullet\bullet\BulletCollision\Gimpact</Filter>
    </ClInclude>
    <ClInclude Include="..\..\..\src\bullet\BulletCollision\Gimpact\btQuantization.h">
      <Filter>blocks\Cinder-Bullet\bullet\BulletCollision\Gimpact</Filter>
    </ClInclude>
    <ClInclude Include="..\..\..\src\bullet\BulletCollision\Gimpact\btTriangleShapeEx.h">
      <Filter>blocks\Cinder-Bullet\bullet\BulletCollision\Gimpact</Filter>
    </ClInclude>
    <ClInclude Include="..\..\..\src\bullet\BulletCollision\Gimpact\gim_array.h">
      <Filter>blocks\Cinder-Bullet\bullet\BulletCollision\Gimpact</Filter>
    </ClInclude>
    <ClInclude Include="..\..\..\src\bullet\BulletCollision\Gimpact\gim_basic_geometry_operations.h">
      <Filter>blocks\Cinder-Bullet\bullet\BulletCollision\Gimpact</Filter>
    </ClInclude>
    <ClInclude Include="..\..\..\src\bullet\BulletCollision\Gimpact\gim_bitset.h">
      <Filter>blocks\Cinder-Bullet\bullet\BulletCollision\Gimpact</Filter>
    </ClInclude>
    <ClInclude Include="..\..\..\src\bullet\BulletCollision\Gimpact\gim_box_collision.h">
      <Filter>blocks\Cinder-Bullet\bullet\BulletCollision\Gimpact</Filter>
    </ClInclude>
    <ClInclude Include="..\..\..\src\bullet\BulletCollision\Gimpact\gim_box_set.h">
      <Filter>blocks\Cinder-Bullet\bullet\BulletCollision\Gimpact</Filter>
    </ClInclude>
    <ClInclude Include="..\..\..\src\bullet\BulletCollision\Gimpact\gim_clip_polygon.h">
      <Filter>blocks\Cinder-Bullet\bullet\BulletCollision\Gimpact</Filter>
    </ClInclude>
    <ClInclude Include="..\..\..\src\bullet\BulletCollision\Gimpact\gim_contact.h">
      <Filter>blocks\Cinder-Bullet\bullet\BulletCollision\Gimpact</Filter>
    </ClInclude>
    <ClInclude Include="..\..\..\src\bullet\BulletCollision\Gimpact\gim_geom_types.h">
      <Filter>blocks\Cinder-Bullet\bullet\BulletCollision\Gimpact</Filter>
    </ClInclude>
    <ClInclude Include="..\..\..\src\bullet\BulletCollision\Gimpact\gim_geometry.h">
      <Filter>blocks\Cinder-Bullet\bullet\BulletCollision\Gimpact</Filter>
    </ClInclude>
    <ClInclude Include="..\..\..\src\bullet\BulletCollision\Gimpact\gim_hash_table.h">
      <Filter>blocks\Cinder-Bullet\bullet\BulletCollision\Gimpact</Filter>
    </ClInclude>
    <ClInclude Include="..\..\..\src\bullet\BulletCollision\Gimpact\gim_linear_math.h">
      <Filter>blocks\Cinder-Bullet\bullet\BulletCollision\Gimpact</Filter>
    </ClInclude>
    <ClInclude Include="..\..\..\src\bullet\BulletCollision\Gimpact\gim_math.h">
      <Filter>blocks\Cinder-Bullet\bullet\BulletCollision\Gimpact</Filter>
    </ClInclude>
    <ClInclude Include="..\..\..\src\bullet\BulletCollision\Gimpact\gim_memory.h">
      <Filter>blocks\Cinder-Bullet\bullet\BulletCollision\Gimpact</Filter>
    </ClInclude>
    <ClInclude Include="..\..\..\src\bullet\BulletCollision\Gimpact\gim_radixsort.h">
      <Filter>blocks\Cinder-Bullet\bullet\BulletCollision\Gimpact</Filter>
    </ClInclude>
    <ClInclude Include="..\..\..\src\bullet\BulletCollision\Gimpact\gim_tri_collision.h">
      <Filter>blocks\Cinder-Bullet\bullet\BulletCollision\Gimpact</Filter>
    </ClInclude>
    <ClInclude Include="..\..\..\src\bullet\BulletCollision\NarrowPhaseCollision\btContinuousConvexCollision.h">
      <Filter>blocks\Cinder-Bullet\bullet\BulletCollision\NarrowPhaseCollision</Filter>
    </ClInclude>
    <ClInclude Include="..\..\..\src\bullet\BulletCollision\NarrowPhaseCollision\btConvexCast.h">
      <Filter>blocks\Cinder-Bullet\bullet\BulletCollision\NarrowPhaseCollision</Filter>
    </ClInclude>
    <ClInclude Include="..\..\..\src\bullet\BulletCollision\NarrowPhaseCollision\btConvexPenetrationDepthSolver.h">
      <Filter>blocks\Cinder-Bullet\bullet\BulletCollision\NarrowPhaseCollision</Filter>
    </ClInclude>
    <ClInclude Include="..\..\..\src\bullet\BulletCollision\NarrowPhaseCollision\btDiscreteCollisionDetectorInterface.h">
      <Filter>blocks\Cinder-Bullet\bullet\BulletCollision\NarrowPhaseCollision</Filter>
    </ClInclude>
    <ClInclude Include="..\..\..\src\bullet\BulletCollision\NarrowPhaseCollision\btGjkConvexCast.h">
      <Filter>blocks\Cinder-Bullet\bullet\BulletCollision\NarrowPhaseCollision</Filter>
    </ClInclude>
    <ClInclude Include="..\..\..\src\bullet\BulletCollision\NarrowPhaseCollision\btGjkEpa2.h">
      <Filter>blocks\Cinder-Bullet\bullet\BulletCollision\NarrowPhaseCollision</Filter>
    </ClInclude>
    <ClInclude Include="..\..\..\src\bullet\BulletCollision\NarrowPhaseCollision\btGjkEpaPenetrationDepthSolver.h">
      <Filter>blocks\Cinder-Bullet\bullet\BulletCollision\NarrowPhaseCollision</Filter>
    </ClInclude>
    <ClInclude Include="..\..\..\src\bullet\BulletCollision\NarrowPhaseCollision\btGjkPairDetector.h">
      <Filter>blocks\Cinder-Bullet\bullet\BulletCollision\NarrowPhaseCollision</Filter>
    </ClInclude>
    <ClInclude Include="..\..\..\src\bullet\BulletCollision\NarrowPhaseCollision\btManifoldPoint.h">
      <Filter>blocks\Cinder-Bullet\bullet\BulletCollision\NarrowPhaseCollision</Filter>
    </ClInclude>
    <ClInclude Include="..\..\..\src\bullet\BulletCollision\NarrowPhaseCollision\btMinkowskiPenetrationDepthSolver.h">
      <Filter>blocks\Cinder-Bullet\bullet\BulletCollision\NarrowPhaseCollision</Filter>
    </ClInclude>
    <ClInclude Include="..\..\..\src\bullet\BulletCollision\NarrowPhaseCollision\btPersistentManifold.h">
      <Filter>blocks\Cinder-Bullet\bullet\BulletCollision\NarrowPhaseCollision</Filter>
    </ClInclude>
    <ClInclude Include="..\..\..\src\bullet\BulletCollision\NarrowPhaseCollision\btPointCollector.h">
      <Filter>blocks\Cinder-Bullet\bullet\BulletCollision\NarrowPhaseCollision</Filter>
    </ClInclude>
    <ClInclude Include="..\..\..\src\bullet\BulletCollision\NarrowPhaseCollision\btPolyhedralContactClipping.h">
      <Filter>blocks\Cinder-Bullet\bullet\BulletCollision\NarrowPhaseCollision</Filter>
    </ClInclude>
    <ClInclude Include="..\..\..\src\bullet\BulletCollision\NarrowPhaseCollision\btRaycastCallback.h">
      <Filter>blocks\Cinder-Bullet\bullet\BulletCollision\NarrowPhaseCollision</Filter>
    </ClInclude>
    <ClInclude Include="..\..\..\src\bullet\BulletCollision\NarrowPhaseCollision\btSimplexSolverInterface.h">
      <Filter>blocks\Cinder-Bullet\bullet\BulletCollision\NarrowPhaseCollision</Filter>
    </ClInclude>
    <ClInclude Include="..\..\..\src\bullet\BulletCollision\NarrowPhaseCollision\btSubSimplexConvexCast.h">
      <Filter>blocks\Cinder-Bullet\bullet\BulletCollision\NarrowPhaseCollision</Filter>
    </ClInclude>
    <ClInclude Include="..\..\..\src\bullet\BulletCollision\NarrowPhaseCollision\btVoronoiSimplexSolver.h">
      <Filter>blocks\Cinder-Bullet\bullet\BulletCollision\NarrowPhaseCollision</Filter>
    </ClInclude>
    <ClInclude Include="..\..\..\src\bullet\BulletDynamics\Vehicle\btRaycastVehicle.h">
      <Filter>blocks\Cinder-Bullet\bullet\BulletDynamics\Vehicle</Filter>
    </ClInclude>
    <ClInclude Include="..\..\..\src\bullet\BulletDynamics\Vehicle\btVehicleRaycaster.h">
      <Filter>blocks\Cinder-Bullet\bullet\BulletDynamics\Vehicle</Filter>
    </ClInclude>
    <ClInclude Include="..\..\..\src\bullet\BulletDynamics\Vehicle\btWheelInfo.h">
      <Filter>blocks\Cinder-Bullet\bullet\BulletDynamics\Vehicle</Filter>
    </ClInclude>
    <ClInclude Include="..\..\..\src\bullet\BulletDynamics\Dynamics\btActionInterface.h">
      <Filter>blocks\Cinder-Bullet\bullet\BulletDynamics\Dynamics</Filter>
    </ClInclude>
    <ClInclude Include="..\..\..\src\bullet\BulletDynamics\Dynamics\btDiscreteDynamicsWorld.h">
      <Filter>blocks\Cinder-Bullet\bullet\BulletDynamics\Dynamics</Filter>
    </ClInclude>
    <ClInclude Include="..\..\..\src\bullet\BulletDynamics\Dynamics\btDynamicsWorld.h">
      <Filter>blocks\Cinder-Bullet\bullet\BulletDynamics\Dynamics</Filter>
    </ClInclude>
    <ClInclude Include="..\..\..\src\bullet\BulletDynamics\Dynamics\btRigidBody.h">
      <Filter>blocks\Cinder-Bullet\bullet\BulletDynamics\Dynamics</Filter>
    </ClInclude>
    <ClInclude Include="..\..\..\src\bullet\BulletDynamics\Dynamics\btSimpleDynamicsWorld.h">
      <Filter>blocks\Cinder-Bullet\bullet\BulletDynamics\Dynamics</Filter>
    </ClInclude>
    <ClInclude Include="..\..\..\src\bullet\BulletDynamics\ConstraintSolver\btConeTwistConstraint.h">
      <Filter>blocks\Cinder-Bullet\bullet\BulletDynamics\ConstraintSolver</Filter>
    </ClInclude>
    <ClInclude Include="..\..\..\src\bullet\BulletDynamics\ConstraintSolver\btConstraintSolver.h">
      <Filter>blocks\Cinder-Bullet\bullet\BulletDynamics\ConstraintSolver</Filter>
    </ClInclude>
    <ClInclude Include="..\..\..\src\bullet\BulletDynamics\ConstraintSolver\btContactConstraint.h">
      <Filter>blocks\Cinder-Bullet\bullet\BulletDynamics\ConstraintSolver</Filter>
    </ClInclude>
    <ClInclude Include="..\..\..\src\bullet\BulletDynamics\ConstraintSolver\btContactSolverInfo.h">
      <Filter>blocks\Cinder-Bullet\bullet\BulletDynamics\ConstraintSolver</Filter>
    </ClInclude>
    <ClInclude Include="..\..\..\src\bullet\BulletDynamics\ConstraintSolver\btGearConstraint.h">
      <Filter>blocks\Cinder-Bullet\bullet\BulletDynamics\ConstraintSolver</Filter>
    </ClInclude>
    <ClInclude Include="..\..\..\src\bullet\BulletDynamics\ConstraintSolver\btGeneric6DofConstraint.h">
      <Filter>blocks\Cinder-Bullet\bullet\BulletDynamics\ConstraintSolver</Filter>
    </ClInclude>
    <ClInclude Include="..\..\..\src\bullet\BulletDynamics\ConstraintSolver\btGeneric6DofSpringConstraint.h">
      <Filter>blocks\Cinder-Bullet\bullet\BulletDynamics\ConstraintSolver</Filter>
    </ClInclude>
    <ClInclude Include="..\..\..\src\bullet\BulletDynamics\ConstraintSolver\btHinge2Constraint.h">
      <Filter>blocks\Cinder-Bullet\bullet\BulletDynamics\ConstraintSolver</Filter>
    </ClInclude>
    <ClInclude Include="..\..\..\src\bullet\BulletDynamics\ConstraintSolver\btHingeConstraint.h">
      <Filter>blocks\Cinder-Bullet\bullet\BulletDynamics\ConstraintSolver</Filter>
    </ClInclude>
    <ClInclude Include="..\..\..\src\bullet\BulletDynamics\ConstraintSolver\btJacobianEntry.h">
      <Filter>blocks\Cinder-Bullet\bullet\BulletDynamics\ConstraintSolver</Filter>
    </ClInclude>
    <ClInclude Include="..\..\..\src\bullet\BulletDynamics\ConstraintSolver\btPoint2PointConstraint.h">
      <Filter>blocks\Cinder-Bullet\bullet\BulletDynamics\ConstraintSolver</Filter>
    </ClInclude>
    <ClInclude Include="..\..\..\src\bullet\BulletDynamics\ConstraintSolver\btSequentialImpulseConstraintSolver.h">
      <Filter>blocks\Cinder-Bullet\bullet\BulletDynamics\ConstraintSolver</Filter>
    </ClInclude>
    <ClInclude Include="..\..\..\src\bullet\BulletDynamics\ConstraintSolver\btSliderConstraint.h">
      <Filter>blocks\Cinder-Bullet\bullet\BulletDynamics\ConstraintSolver</Filter>
    </ClInclude>
    <ClInclude Include="..\..\..\src\bullet\BulletDynamics\ConstraintSolver\btSolve2LinearConstraint.h">
      <Filter>blocks\Cinder-Bullet\bullet\BulletDynamics\ConstraintSolver</Filter>
    </ClInclude>
    <ClInclude Include="..\..\..\src\bullet\BulletDynamics\ConstraintSolver\btSolverBody.h">
      <Filter>blocks\Cinder-Bullet\bullet\BulletDynamics\ConstraintSolver</Filter>
    </ClInclude>
    <ClInclude Include="..\..\..\src\bullet\BulletDynamics\ConstraintSolver\btSolverConstraint.h">
      <Filter>blocks\Cinder-Bullet\bullet\BulletDynamics\ConstraintSolver</Filter>
    </ClInclude>
    <ClInclude Include="..\..\..\src\bullet\BulletDynamics\ConstraintSolver\btTypedConstraint.h">
      <Filter>blocks\Cinder-Bullet\bullet\BulletDynamics\ConstraintSolver</Filter>
    </ClInclude>
    <ClInclude Include="..\..\..\src\bullet\BulletDynamics\ConstraintSolver\btUniversalConstraint.h">
      <Filter>blocks\Cinder-Bullet\bullet\BulletDynamics\ConstraintSolver</Filter>
    </ClInclude>
    <ClInclude Include="..\..\..\src\bullet\BulletDynamics\Character\btCharacterControllerInterface.h">
      <Filter>blocks\Cinder-Bullet\bullet\BulletDynamics\Character</Filter>
    </ClInclude>
    <ClInclude Include="..\..\..\src\bullet\BulletDynamics\Character\btKinematicCharacterController.h">
      <Filter>blocks\Cinder-Bullet\bullet\BulletDynamics\Character</Filter>
    </ClInclude>
    <ClInclude Include="..\..\..\src\bullet\BulletSoftBody\btDefaultSoftBodySolver.h">
      <Filter>blocks\Cinder-Bullet\bullet\BulletSoftBody</Filter>
    </ClInclude>
    <ClInclude Include="..\..\..\src\bullet\BulletSoftBody\btSoftBody.h">
      <Filter>blocks\Cinder-Bullet\bullet\BulletSoftBody</Filter>
    </ClInclude>
    <ClInclude Include="..\..\..\src\bullet\BulletSoftBody\btSoftBodyConcaveCollisionAlgorithm.h">
      <Filter>blocks\Cinder-Bullet\bullet\BulletSoftBody</Filter>
    </ClInclude>
    <ClInclude Include="..\..\..\src\bullet\BulletSoftBody\btSoftBodyData.h">
      <Filter>blocks\Cinder-Bullet\bullet\BulletSoftBody</Filter>
    </ClInclude>
    <ClInclude Include="..\..\..\src\bullet\BulletSoftBody\btSoftBodyHelpers.h">
      <Filter>blocks\Cinder-Bullet\bullet\BulletSoftBody</Filter>
    </ClInclude>
    <ClInclude Include="..\..\..\src\bullet\BulletSoftBody\btSoftBodyInternals.h">
      <Filter>blocks\Cinder-Bullet\bullet\BulletSoftBody</Filter>
    </ClInclude>
    <ClInclude Include="..\..\..\src\bullet\BulletSoftBody\btSoftBodyRigidBodyCollisionConfiguration.h">
      <Filter>blocks\Cinder-Bullet\bullet\BulletSoftBody</Filter>
    </ClInclude>
    <ClInclude Include="..\..\..\src\bullet\BulletSoftBody\btSoftBodySolvers.h">
      <Filter>blocks\Cinder-Bullet\bullet\BulletSoftBody</Filter>
    </ClInclude>
    <ClInclude Include="..\..\..\src\bullet\BulletSoftBody\btSoftBodySolverVertexBuffer.h">
      <Filter>blocks\Cinder-Bullet\bullet\BulletSoftBody</Filter>
    </ClInclude>
    <ClInclude Include="..\..\..\src\bullet\BulletSoftBody\btSoftRigidCollisionAlgorithm.h">
      <Filter>blocks\Cinder-Bullet\bullet\BulletSoftBody</Filter>
    </ClInclude>
    <ClInclude Include="..\..\..\src\bullet\BulletSoftBody\btSoftRigidDynamicsWorld.h">
      <Filter>blocks\Cinder-Bullet\bullet\BulletSoftBody</Filter>
    </ClInclude>
    <ClInclude Include="..\..\..\src\bullet\BulletSoftBody\btSoftSoftCollisionAlgorithm.h">
      <Filter>blocks\Cinder-Bullet\bullet\BulletSoftBody</Filter>
    </ClInclude>
    <ClInclude Include="..\..\..\src\bullet\BulletSoftBody\btSparseSDF.h">
      <Filter>blocks\Cinder-Bullet\bullet\BulletSoftBody</Filter>
    </ClInclude>
    <ClInclude Include="..\..\..\src\bullet\LinearMath\btAabbUtil2.h">
      <Filter>blocks\Cinder-Bullet\bullet\LinearMath</Filter>
    </ClInclude>
    <ClInclude Include="..\..\..\src\bullet\LinearMath\btAlignedAllocator.h">
      <Filter>blocks\Cinder-Bullet\bullet\LinearMath</Filter>
    </ClInclude>
    <ClInclude Include="..\..\..\src\bullet\LinearMath\btAlignedObjectArray.h">
      <Filter>blocks\Cinder-Bullet\bullet\LinearMath</Filter>
    </ClInclude>
    <ClInclude Include="..\..\..\src\bullet\LinearMath\btConvexHull.h">
      <Filter>blocks\Cinder-Bullet\bullet\LinearMath</Filter>
    </ClInclude>
    <ClInclude Include="..\..\..\src\bullet\LinearMath\btConvexHullComputer.h">
      <Filter>blocks\Cinder-Bullet\bullet\LinearMath</Filter>
    </ClInclude>
    <ClInclude Include="..\..\..\src\bullet\LinearMath\btDefaultMotionState.h">
      <Filter>blocks\Cinder-Bullet\bullet\LinearMath</Filter>
    </ClInclude>
    <ClInclude Include="..\..\..\src\bullet\LinearMath\btGeometryUtil.h">
      <Filter>blocks\Cinder-Bullet\bullet\LinearMath</Filter>
    </ClInclude>
    <ClInclude Include="..\..\..\src\bullet\LinearMath\btGrahamScan2dConvexHull.h">
      <Filter>blocks\Cinder-Bullet\bullet\LinearMath</Filter>
    </ClInclude>
    <ClInclude Include="..\..\..\src\bullet\LinearMath\btHashMap.h">
      <Filter>blocks\Cinder-Bullet\bullet\LinearMath</Filter>
    </ClInclude>
    <ClInclude Include="..\..\..\src\bullet\LinearMath\btIDebugDraw.h">
      <Filter>blocks\Cinder-Bullet\bullet\LinearMath</Filter>
    </ClInclude>
    <ClInclude Include="..\..\..\src\bullet\LinearMath\btList.h">
      <Filter>blocks\Cinder-Bullet\bullet\LinearMath</Filter>
    </ClInclude>
    <ClInclude Include="..\..\..\src\bullet\LinearMath\btMatrix3x3.h">
      <Filter>blocks\Cinder-Bullet\bullet\LinearMath</Filter>
    </ClInclude>
    <ClInclude Include="..\..\..\src\bullet\LinearMath\btMinMax.h">
      <Filter>blocks\Cinder-Bullet\bullet\LinearMath</Filter>
    </ClInclude>
    <ClInclude Include="..\..\..\src\bullet\LinearMath\btMotionState.h">
      <Filter>blocks\Cinder-Bullet\bullet\LinearMath</Filter>
    </ClInclude>
    <ClInclude Include="..\..\..\src\bullet\LinearMath\btPolarDecomposition.h">
      <Filter>blocks\Cinder-Bullet\bullet\LinearMath</Filter>
    </ClInclude>
    <ClInclude Include="..\..\..\src\bullet\LinearMath\btPoolAllocator.h">
      <Filter>blocks\Cinder-Bullet\bullet\LinearMath</Filter>
    </ClInclude>
    <ClInclude Include="..\..\..\src\bullet\LinearMath\btQuadWord.h">
      <Filter>blocks\Cinder-Bullet\bullet\LinearMath</Filter>
    </ClInclude>
    <ClInclude Include="..\..\..\src\bullet\LinearMath\btQuaternion.h">
      <Filter>blocks\Cinder-Bullet\bullet\LinearMath</Filter>
    </ClInclude>
    <ClInclude Include="..\..\..\src\bullet\LinearMath\btQuickprof.h">
      <Filter>blocks\Cinder-Bullet\bullet\LinearMath</Filter>
    </ClInclude>
    <ClInclude Include="..\..\..\src\bullet\LinearMath\btRandom.h">
      <Filter>blocks\Cinder-Bullet\bullet\LinearMath</Filter>
    </ClInclude>
    <ClInclude Include="..\..\..\src\bullet\LinearMath\btScalar.h">
      <Filter>blocks\Cinder-Bullet\bullet\LinearMath</Filter>
    </ClInclude>
    <ClInclude Include="..\..\..\src\bullet\LinearMath\btSerializer.h">
      <Filter>blocks\Cinder-Bullet\bullet\LinearMath</Filter>
    </ClInclude>
    <ClInclude Include="..\..\..\src\bullet\LinearMath\btStackAlloc.h">
      <Filter>blocks\Cinder-Bullet\bullet\LinearMath</Filter>
    </ClInclude>
    <ClInclude Include="..\..\..\src\bullet\LinearMath\btTransform.h">
      <Filter>blocks\Cinder-Bullet\bullet\LinearMath</Filter>
    </ClInclude>
    <ClInclude Include="..\..\..\src\bullet\LinearMath\btTransformUtil.h">
      <Filter>blocks\Cinder-Bullet\bullet\LinearMath</Filter>
    </ClInclude>
    <ClInclude Include="..\..\..\src\bullet\LinearMath\btVector3.h">
      <Filter>blocks\Cinder-Bullet\bullet\LinearMath</Filter>
    </ClInclude>
    <ClInclude Include="..\..\..\..\Cinder-MeshHelper\src\MeshHelper.h">
      <Filter>blocks\Cinder-MeshHelper\src</Filter>
    </ClInclude>
  </ItemGroup>
  <ItemGroup>
    <ClCompile Include="..\..\..\src\DynamicsWorld.cpp">
      <Filter>blocks\Cinder-Bullet</Filter>
    </ClCompile>
    <ClCompile Include="..\..\..\src\CollisionObject.cpp">
      <Filter>blocks\Cinder-Bullet</Filter>
    </ClCompile>
    <ClCompile Include="..\..\..\src\Utilities.cpp">
      <Filter>blocks\Cinder-Bullet</Filter>
    </ClCompile>
    <ClCompile Include="..\..\..\src\RigidBody.cpp">
      <Filter>blocks\Cinder-Bullet</Filter>
    </ClCompile>
    <ClCompile Include="..\..\..\src\SoftBody.cpp">
      <Filter>blocks\Cinder-Bullet</Filter>
    </ClCompile>
    <ClCompile Include="..\src\BulletTestApp.cpp">
      <Filter>Source Files</Filter>
    </ClCompile>
    <ClCompile Include="..\..\..\src\Constraint.cpp">
      <Filter>blocks\Cinder-Bullet</Filter>
    </ClCompile>
    <ClCompile Include="..\..\..\src\bullet\BulletCollision\BroadphaseCollision\btAxisSweep3.cpp">
      <Filter>blocks\Cinder-Bullet\bullet\BulletCollision\BroadphaseCollision</Filter>
    </ClCompile>
    <ClCompile Include="..\..\..\src\bullet\BulletCollision\BroadphaseCollision\btBroadphaseProxy.cpp">
      <Filter>blocks\Cinder-Bullet\bullet\BulletCollision\BroadphaseCollision</Filter>
    </ClCompile>
    <ClCompile Include="..\..\..\src\bullet\BulletCollision\BroadphaseCollision\btCollisionAlgorithm.cpp">
      <Filter>blocks\Cinder-Bullet\bullet\BulletCollision\BroadphaseCollision</Filter>
    </ClCompile>
    <ClCompile Include="..\..\..\src\bullet\BulletCollision\BroadphaseCollision\btDbvt.cpp">
      <Filter>blocks\Cinder-Bullet\bullet\BulletCollision\BroadphaseCollision</Filter>
    </ClCompile>
    <ClCompile Include="..\..\..\src\bullet\BulletCollision\BroadphaseCollision\btDbvtBroadphase.cpp">
      <Filter>blocks\Cinder-Bullet\bullet\BulletCollision\BroadphaseCollision</Filter>
    </ClCompile>
    <ClCompile Include="..\..\..\src\bullet\BulletCollision\BroadphaseCollision\btDispatcher.cpp">
      <Filter>blocks\Cinder-Bullet\bullet\BulletCollision\BroadphaseCollision</Filter>
    </ClCompile>
    <ClCompile Include="..\..\..\src\bullet\BulletCollision\BroadphaseCollision\btMultiSapBroadphase.cpp">
      <Filter>blocks\Cinder-Bullet\bullet\BulletCollision\BroadphaseCollision</Filter>
    </ClCompile>
    <ClCompile Include="..\..\..\src\bullet\BulletCollision\BroadphaseCollision\btOverlappingPairCache.cpp">
      <Filter>blocks\Cinder-Bullet\bullet\BulletCollision\BroadphaseCollision</Filter>
    </ClCompile>
    <ClCompile Include="..\..\..\src\bullet\BulletCollision\BroadphaseCollision\btQuantizedBvh.cpp">
      <Filter>blocks\Cinder-Bullet\bullet\BulletCollision\BroadphaseCollision</Filter>
    </ClCompile>
    <ClCompile Include="..\..\..\src\bullet\BulletCollision\BroadphaseCollision\btSimpleBroadphase.cpp">
      <Filter>blocks\Cinder-Bullet\bullet\BulletCollision\BroadphaseCollision</Filter>
    </ClCompile>
    <ClCompile Include="..\..\..\src\bullet\BulletCollision\CollisionDispatch\btActivatingCollisionAlgorithm.cpp">
      <Filter>blocks\Cinder-Bullet\bullet\BulletCollision\CollisionDispatch</Filter>
    </ClCompile>
    <ClCompile Include="..\..\..\src\bullet\BulletCollision\CollisionDispatch\btBox2dBox2dCollisionAlgorithm.cpp">
      <Filter>blocks\Cinder-Bullet\bullet\BulletCollision\CollisionDispatch</Filter>
    </ClCompile>
    <ClCompile Include="..\..\..\src\bullet\BulletCollision\CollisionDispatch\btBoxBoxCollisionAlgorithm.cpp">
      <Filter>blocks\Cinder-Bullet\bullet\BulletCollision\CollisionDispatch</Filter>
    </ClCompile>
    <ClCompile Include="..\..\..\src\bullet\BulletCollision\CollisionDispatch\btBoxBoxDetector.cpp">
      <Filter>blocks\Cinder-Bullet\bullet\BulletCollision\CollisionDispatch</Filter>
    </ClCompile>
    <ClCompile Include="..\..\..\src\bullet\BulletCollision\CollisionDispatch\btCollisionDispatcher.cpp">
      <Filter>blocks\Cinder-Bullet\bullet\BulletCollision\CollisionDispatch</Filter>
    </ClCompile>
    <ClCompile Include="..\..\..\src\bullet\BulletCollision\CollisionDispatch\btCollisionObject.cpp">
      <Filter>blocks\Cinder-Bullet\bullet\BulletCollision\CollisionDispatch</Filter>
    </ClCompile>
    <ClCompile Include="..\..\..\src\bullet\BulletCollision\CollisionDispatch\btCollisionWorld.cpp">
      <Filter>blocks\Cinder-Bullet\bullet\BulletCollision\CollisionDispatch</Filter>
    </ClCompile>
    <ClCompile Include="..\..\..\src\bullet\BulletCollision\CollisionDispatch\btCompoundCollisionAlgorithm.cpp">
      <Filter>blocks\Cinder-Bullet\bullet\BulletCollision\CollisionDispatch</Filter>
    </ClCompile>
    <ClCompile Include="..\..\..\src\bullet\BulletCollision\CollisionDispatch\btConvex2dConvex2dAlgorithm.cpp">
      <Filter>blocks\Cinder-Bullet\bullet\BulletCollision\CollisionDispatch</Filter>
    </ClCompile>
    <ClCompile Include="..\..\..\src\bullet\BulletCollision\CollisionDispatch\btConvexConcaveCollisionAlgorithm.cpp">
      <Filter>blocks\Cinder-Bullet\bullet\BulletCollision\CollisionDispatch</Filter>
    </ClCompile>
    <ClCompile Include="..\..\..\src\bullet\BulletCollision\CollisionDispatch\btConvexConvexAlgorithm.cpp">
      <Filter>blocks\Cinder-Bullet\bullet\BulletCollision\CollisionDispatch</Filter>
    </ClCompile>
    <ClCompile Include="..\..\..\src\bullet\BulletCollision\CollisionDispatch\btConvexPlaneCollisionAlgorithm.cpp">
      <Filter>blocks\Cinder-Bullet\bullet\BulletCollision\CollisionDispatch</Filter>
    </ClCompile>
    <ClCompile Include="..\..\..\src\bullet\BulletCollision\CollisionDispatch\btDefaultCollisionConfiguration.cpp">
      <Filter>blocks\Cinder-Bullet\bullet\BulletCollision\CollisionDispatch</Filter>
    </ClCompile>
    <ClCompile Include="..\..\..\src\bullet\BulletCollision\CollisionDispatch\btEmptyCollisionAlgorithm.cpp">
      <Filter>blocks\Cinder-Bullet\bullet\BulletCollision\CollisionDispatch</Filter>
    </ClCompile>
    <ClCompile Include="..\..\..\src\bullet\BulletCollision\CollisionDispatch\btGhostObject.cpp">
      <Filter>blocks\Cinder-Bullet\bullet\BulletCollision\CollisionDispatch</Filter>
    </ClCompile>
    <ClCompile Include="..\..\..\src\bullet\BulletCollision\CollisionDispatch\btInternalEdgeUtility.cpp">
      <Filter>blocks\Cinder-Bullet\bullet\BulletCollision\CollisionDispatch</Filter>
    </ClCompile>
    <ClCompile Include="..\..\..\src\bullet\BulletCollision\CollisionDispatch\btManifoldResult.cpp">
      <Filter>blocks\Cinder-Bullet\bullet\BulletCollision\CollisionDispatch</Filter>
    </ClCompile>
    <ClCompile Include="..\..\..\src\bullet\BulletCollision\CollisionDispatch\btSimulationIslandManager.cpp">
      <Filter>blocks\Cinder-Bullet\bullet\BulletCollision\CollisionDispatch</Filter>
    </ClCompile>
    <ClCompile Include="..\..\..\src\bullet\BulletCollision\CollisionDispatch\btSphereBoxCollisionAlgorithm.cpp">
      <Filter>blocks\Cinder-Bullet\bullet\BulletCollision\CollisionDispatch</Filter>
    </ClCompile>
    <ClCompile Include="..\..\..\src\bullet\BulletCollision\CollisionDispatch\btSphereSphereCollisionAlgorithm.cpp">
      <Filter>blocks\Cinder-Bullet\bullet\BulletCollision\CollisionDispatch</Filter>
    </ClCompile>
    <ClCompile Include="..\..\..\src\bullet\BulletCollision\CollisionDispatch\btSphereTriangleCollisionAlgorithm.cpp">
      <Filter>blocks\Cinder-Bullet\bullet\BulletCollision\CollisionDispatch</Filter>
    </ClCompile>
    <ClCompile Include="..\..\..\src\bullet\BulletCollision\CollisionDispatch\btUnionFind.cpp">
      <Filter>blocks\Cinder-Bullet\bullet\BulletCollision\CollisionDispatch</Filter>
    </ClCompile>
    <ClCompile Include="..\..\..\src\bullet\BulletCollision\CollisionDispatch\SphereTriangleDetector.cpp">
      <Filter>blocks\Cinder-Bullet\bullet\BulletCollision\CollisionDispatch</Filter>
    </ClCompile>
    <ClCompile Include="..\..\..\src\bullet\BulletCollision\CollisionShapes\btBox2dShape.cpp">
      <Filter>blocks\Cinder-Bullet\bullet\BulletCollision\CollisionShapes</Filter>
    </ClCompile>
    <ClCompile Include="..\..\..\src\bullet\BulletCollision\CollisionShapes\btBoxShape.cpp">
      <Filter>blocks\Cinder-Bullet\bullet\BulletCollision\CollisionShapes</Filter>
    </ClCompile>
    <ClCompile Include="..\..\..\src\bullet\BulletCollision\CollisionShapes\btBvhTriangleMeshShape.cpp">
      <Filter>blocks\Cinder-Bullet\bullet\BulletCollision\CollisionShapes</Filter>
    </ClCompile>
    <ClCompile Include="..\..\..\src\bullet\BulletCollision\CollisionShapes\btCapsuleShape.cpp">
      <Filter>blocks\Cinder-Bullet\bullet\BulletCollision\CollisionShapes</Filter>
    </ClCompile>
    <ClCompile Include="..\..\..\src\bullet\BulletCollision\CollisionShapes\btCollisionShape.cpp">
      <Filter>blocks\Cinder-Bullet\bullet\BulletCollision\CollisionShapes</Filter>
    </ClCompile>
    <ClCompile Include="..\..\..\src\bullet\BulletCollision\CollisionShapes\btCompoundShape.cpp">
      <Filter>blocks\Cinder-Bullet\bullet\BulletCollision\CollisionShapes</Filter>
    </ClCompile>
    <ClCompile Include="..\..\..\src\bullet\BulletCollision\CollisionShapes\btConcaveShape.cpp">
      <Filter>blocks\Cinder-Bullet\bullet\BulletCollision\CollisionShapes</Filter>
    </ClCompile>
    <ClCompile Include="..\..\..\src\bullet\BulletCollision\CollisionShapes\btConeShape.cpp">
      <Filter>blocks\Cinder-Bullet\bullet\BulletCollision\CollisionShapes</Filter>
    </ClCompile>
    <ClCompile Include="..\..\..\src\bullet\BulletCollision\CollisionShapes\btConvex2dShape.cpp">
      <Filter>blocks\Cinder-Bullet\bullet\BulletCollision\CollisionShapes</Filter>
    </ClCompile>
    <ClCompile Include="..\..\..\src\bullet\BulletCollision\CollisionShapes\btConvexHullShape.cpp">
      <Filter>blocks\Cinder-Bullet\bullet\BulletCollision\CollisionShapes</Filter>
    </ClCompile>
    <ClCompile Include="..\..\..\src\bullet\BulletCollision\CollisionShapes\btConvexInternalShape.cpp">
      <Filter>blocks\Cinder-Bullet\bullet\BulletCollision\CollisionShapes</Filter>
    </ClCompile>
    <ClCompile Include="..\..\..\src\bullet\BulletCollision\CollisionShapes\btConvexPointCloudShape.cpp">
      <Filter>blocks\Cinder-Bullet\bullet\BulletCollision\CollisionShapes</Filter>
    </ClCompile>
    <ClCompile Include="..\..\..\src\bullet\BulletCollision\CollisionShapes\btConvexPolyhedron.cpp">
      <Filter>blocks\Cinder-Bullet\bullet\BulletCollision\CollisionShapes</Filter>
    </ClCompile>
    <ClCompile Include="..\..\..\src\bullet\BulletCollision\CollisionShapes\btConvexShape.cpp">
      <Filter>blocks\Cinder-Bullet\bullet\BulletCollision\CollisionShapes</Filter>
    </ClCompile>
    <ClCompile Include="..\..\..\src\bullet\BulletCollision\CollisionShapes\btConvexTriangleMeshShape.cpp">
      <Filter>blocks\Cinder-Bullet\bullet\BulletCollision\CollisionShapes</Filter>
    </ClCompile>
    <ClCompile Include="..\..\..\src\bullet\BulletCollision\CollisionShapes\btCylinderShape.cpp">
      <Filter>blocks\Cinder-Bullet\bullet\BulletCollision\CollisionShapes</Filter>
    </ClCompile>
    <ClCompile Include="..\..\..\src\bullet\BulletCollision\CollisionShapes\btEmptyShape.cpp">
      <Filter>blocks\Cinder-Bullet\bullet\BulletCollision\CollisionShapes</Filter>
    </ClCompile>
    <ClCompile Include="..\..\..\src\bullet\BulletCollision\CollisionShapes\btHeightfieldTerrainShape.cpp">
      <Filter>blocks\Cinder-Bullet\bullet\BulletCollision\CollisionShapes</Filter>
    </ClCompile>
    <ClCompile Include="..\..\..\src\bullet\BulletCollision\CollisionShapes\btMinkowskiSumShape.cpp">
      <Filter>blocks\Cinder-Bullet\bullet\BulletCollision\CollisionShapes</Filter>
    </ClCompile>
    <ClCompile Include="..\..\..\src\bullet\BulletCollision\CollisionShapes\btMultimaterialTriangleMeshShape.cpp">
      <Filter>blocks\Cinder-Bullet\bullet\BulletCollision\CollisionShapes</Filter>
    </ClCompile>
    <ClCompile Include="..\..\..\src\bullet\BulletCollision\CollisionShapes\btMultiSphereShape.cpp">
      <Filter>blocks\Cinder-Bullet\bullet\BulletCollision\CollisionShapes</Filter>
    </ClCompile>
    <ClCompile Include="..\..\..\src\bullet\BulletCollision\CollisionShapes\btOptimizedBvh.cpp">
      <Filter>blocks\Cinder-Bullet\bullet\BulletCollision\CollisionShapes</Filter>
    </ClCompile>
    <ClCompile Include="..\..\..\src\bullet\BulletCollision\CollisionShapes\btPolyhedralConvexShape.cpp">
      <Filter>blocks\Cinder-Bullet\bullet\BulletCollision\CollisionShapes</Filter>
    </ClCompile>
    <ClCompile Include="..\..\..\src\bullet\BulletCollision\CollisionShapes\btScaledBvhTriangleMeshShape.cpp">
      <Filter>blocks\Cinder-Bullet\bullet\BulletCollision\CollisionShapes</Filter>
    </ClCompile>
    <ClCompile Include="..\..\..\src\bullet\BulletCollision\CollisionShapes\btShapeHull.cpp">
      <Filter>blocks\Cinder-Bullet\bullet\BulletCollision\CollisionShapes</Filter>
    </ClCompile>
    <ClCompile Include="..\..\..\src\bullet\BulletCollision\CollisionShapes\btSphereShape.cpp">
      <Filter>blocks\Cinder-Bullet\bullet\BulletCollision\CollisionShapes</Filter>
    </ClCompile>
    <ClCompile Include="..\..\..\src\bullet\BulletCollision\CollisionShapes\btStaticPlaneShape.cpp">
      <Filter>blocks\Cinder-Bullet\bullet\BulletCollision\CollisionShapes</Filter>
    </ClCompile>
    <ClCompile Include="..\..\..\src\bullet\BulletCollision\CollisionShapes\btStridingMeshInterface.cpp">
      <Filter>blocks\Cinder-Bullet\bullet\BulletCollision\CollisionShapes</Filter>
    </ClCompile>
    <ClCompile Include="..\..\..\src\bullet\BulletCollision\CollisionShapes\btTetrahedronShape.cpp">
      <Filter>blocks\Cinder-Bullet\bullet\BulletCollision\CollisionShapes</Filter>
    </ClCompile>
    <ClCompile Include="..\..\..\src\bullet\BulletCollision\CollisionShapes\btTriangleBuffer.cpp">
      <Filter>blocks\Cinder-Bullet\bullet\BulletCollision\CollisionShapes</Filter>
    </ClCompile>
    <ClCompile Include="..\..\..\src\bullet\BulletCollision\CollisionShapes\btTriangleCallback.cpp">
      <Filter>blocks\Cinder-Bullet\bullet\BulletCollision\CollisionShapes</Filter>
    </ClCompile>
    <ClCompile Include="..\..\..\src\bullet\BulletCollision\CollisionShapes\btTriangleIndexVertexArray.cpp">
      <Filter>blocks\Cinder-Bullet\bullet\BulletCollision\CollisionShapes</Filter>
    </ClCompile>
    <ClCompile Include="..\..\..\src\bullet\BulletCollision\CollisionShapes\btTriangleIndexVertexMaterialArray.cpp">
      <Filter>blocks\Cinder-Bullet\bullet\BulletCollision\CollisionShapes</Filter>
    </ClCompile>
    <ClCompile Include="..\..\..\src\bullet\BulletCollision\CollisionShapes\btTriangleMesh.cpp">
      <Filter>blocks\Cinder-Bullet\bullet\BulletCollision\CollisionShapes</Filter>
    </ClCompile>
    <ClCompile Include="..\..\..\src\bullet\BulletCollision\CollisionShapes\btTriangleMeshShape.cpp">
      <Filter>blocks\Cinder-Bullet\bullet\BulletCollision\CollisionShapes</Filter>
    </ClCompile>
    <ClCompile Include="..\..\..\src\bullet\BulletCollision\CollisionShapes\btUniformScalingShape.cpp">
      <Filter>blocks\Cinder-Bullet\bullet\BulletCollision\CollisionShapes</Filter>
    </ClCompile>
    <ClCompile Include="..\..\..\src\bullet\BulletCollision\Gimpact\btContactProcessing.cpp">
      <Filter>blocks\Cinder-Bullet\bullet\BulletCollision\Gimpact</Filter>
    </ClCompile>
    <ClCompile Include="..\..\..\src\bullet\BulletCollision\Gimpact\btGenericPoolAllocator.cpp">
      <Filter>blocks\Cinder-Bullet\bullet\BulletCollision\Gimpact</Filter>
    </ClCompile>
    <ClCompile Include="..\..\..\src\bullet\BulletCollision\Gimpact\btGImpactBvh.cpp">
      <Filter>blocks\Cinder-Bullet\bullet\BulletCollision\Gimpact</Filter>
    </ClCompile>
    <ClCompile Include="..\..\..\src\bullet\BulletCollision\Gimpact\btGImpactCollisionAlgorithm.cpp">
      <Filter>blocks\Cinder-Bullet\bullet\BulletCollision\Gimpact</Filter>
    </ClCompile>
    <ClCompile Include="..\..\..\src\bullet\BulletCollision\Gimpact\btGImpactQuantizedBvh.cpp">
      <Filter>blocks\Cinder-Bullet\bullet\BulletCollision\Gimpact</Filter>
    </ClCompile>
    <ClCompile Include="..\..\..\src\bullet\BulletCollision\Gimpact\btGImpactShape.cpp">
      <Filter>blocks\Cinder-Bullet\bullet\BulletCollision\Gimpact</Filter>
    </ClCompile>
    <ClCompile Include="..\..\..\src\bullet\BulletCollision\Gimpact\btTriangleShapeEx.cpp">
      <Filter>blocks\Cinder-Bullet\bullet\BulletCollision\Gimpact</Filter>
    </ClCompile>
    <ClCompile Include="..\..\..\src\bullet\BulletCollision\Gimpact\gim_box_set.cpp">
      <Filter>blocks\Cinder-Bullet\bullet\BulletCollision\Gimpact</Filter>
    </ClCompile>
    <ClCompile Include="..\..\..\src\bullet\BulletCollision\Gimpact\gim_contact.cpp">
      <Filter>blocks\Cinder-Bullet\bullet\BulletCollision\Gimpact</Filter>
    </ClCompile>
    <ClCompile Include="..\..\..\src\bullet\BulletCollision\Gimpact\gim_memory.cpp">
      <Filter>blocks\Cinder-Bullet\bullet\BulletCollision\Gimpact</Filter>
    </ClCompile>
    <ClCompile Include="..\..\..\src\bullet\BulletCollision\Gimpact\gim_tri_collision.cpp">
      <Filter>blocks\Cinder-Bullet\bullet\BulletCollision\Gimpact</Filter>
    </ClCompile>
    <ClCompile Include="..\..\..\src\bullet\BulletCollision\NarrowPhaseCollision\btContinuousConvexCollision.cpp">
      <Filter>blocks\Cinder-Bullet\bullet\BulletCollision\NarrowPhaseCollision</Filter>
    </ClCompile>
    <ClCompile Include="..\..\..\src\bullet\BulletCollision\NarrowPhaseCollision\btConvexCast.cpp">
      <Filter>blocks\Cinder-Bullet\bullet\BulletCollision\NarrowPhaseCollision</Filter>
    </ClCompile>
    <ClCompile Include="..\..\..\src\bullet\BulletCollision\NarrowPhaseCollision\btGjkConvexCast.cpp">
      <Filter>blocks\Cinder-Bullet\bullet\BulletCollision\NarrowPhaseCollision</Filter>
    </ClCompile>
    <ClCompile Include="..\..\..\src\bullet\BulletCollision\NarrowPhaseCollision\btGjkEpa2.cpp">
      <Filter>blocks\Cinder-Bullet\bullet\BulletCollision\NarrowPhaseCollision</Filter>
    </ClCompile>
    <ClCompile Include="..\..\..\src\bullet\BulletCollision\NarrowPhaseCollision\btGjkEpaPenetrationDepthSolver.cpp">
      <Filter>blocks\Cinder-Bullet\bullet\BulletCollision\NarrowPhaseCollision</Filter>
    </ClCompile>
    <ClCompile Include="..\..\..\src\bullet\BulletCollision\NarrowPhaseCollision\btGjkPairDetector.cpp">
      <Filter>blocks\Cinder-Bullet\bullet\BulletCollision\NarrowPhaseCollision</Filter>
    </ClCompile>
    <ClCompile Include="..\..\..\src\bullet\BulletCollision\NarrowPhaseCollision\btMinkowskiPenetrationDepthSolver.cpp">
      <Filter>blocks\Cinder-Bullet\bullet\BulletCollision\NarrowPhaseCollision</Filter>
    </ClCompile>
    <ClCompile Include="..\..\..\src\bullet\BulletCollision\NarrowPhaseCollision\btPersistentManifold.cpp">
      <Filter>blocks\Cinder-Bullet\bullet\BulletCollision\NarrowPhaseCollision</Filter>
    </ClCompile>
    <ClCompile Include="..\..\..\src\bullet\BulletCollision\NarrowPhaseCollision\btPolyhedralContactClipping.cpp">
      <Filter>blocks\Cinder-Bullet\bullet\BulletCollision\NarrowPhaseCollision</Filter>
    </ClCompile>
    <ClCompile Include="..\..\..\src\bullet\BulletCollision\NarrowPhaseCollision\btRaycastCallback.cpp">
      <Filter>blocks\Cinder-Bullet\bullet\BulletCollision\NarrowPhaseCollision</Filter>
    </ClCompile>
    <ClCompile Include="..\..\..\src\bullet\BulletCollision\NarrowPhaseCollision\btSubSimplexConvexCast.cpp">
      <Filter>blocks\Cinder-Bullet\bullet\BulletCollision\NarrowPhaseCollision</Filter>
    </ClCompile>
    <ClCompile Include="..\..\..\src\bullet\BulletCollision\NarrowPhaseCollision\btVoronoiSimplexSolver.cpp">
      <Filter>blocks\Cinder-Bullet\bullet\BulletCollision\NarrowPhaseCollision</Filter>
    </ClCompile>
    <ClCompile Include="..\..\..\src\bullet\BulletDynamics\Vehicle\btRaycastVehicle.cpp">
      <Filter>blocks\Cinder-Bullet\bullet\BulletDynamics\Vehicle</Filter>
    </ClCompile>
    <ClCompile Include="..\..\..\src\bullet\BulletDynamics\Vehicle\btWheelInfo.cpp">
      <Filter>blocks\Cinder-Bullet\bullet\BulletDynamics\Vehicle</Filter>
    </ClCompile>
    <ClCompile Include="..\..\..\src\bullet\BulletDynamics\Dynamics\btDiscreteDynamicsWorld.cpp">
      <Filter>blocks\Cinder-Bullet\bullet\BulletDynamics\Dynamics</Filter>
    </ClCompile>
    <ClCompile Include="..\..\..\src\bullet\BulletDynamics\Dynamics\btRigidBody.cpp">
      <Filter>blocks\Cinder-Bullet\bullet\BulletDynamics\Dynamics</Filter>
    </ClCompile>
    <ClCompile Include="..\..\..\src\bullet\BulletDynamics\Dynamics\btSimpleDynamicsWorld.cpp">
      <Filter>blocks\Cinder-Bullet\bullet\BulletDynamics\Dynamics</Filter>
    </ClCompile>
    <ClCompile Include="..\..\..\src\bullet\BulletDynamics\Dynamics\Bullet-C-API.cpp">
      <Filter>blocks\Cinder-Bullet\bullet\BulletDynamics\Dynamics</Filter>
    </ClCompile>
    <ClCompile Include="..\..\..\src\bullet\BulletDynamics\ConstraintSolver\btConeTwistConstraint.cpp">
      <Filter>blocks\Cinder-Bullet\bullet\BulletDynamics\ConstraintSolver</Filter>
    </ClCompile>
    <ClCompile Include="..\..\..\src\bullet\BulletDynamics\ConstraintSolver\btContactConstraint.cpp">
      <Filter>blocks\Cinder-Bullet\bullet\BulletDynamics\ConstraintSolver</Filter>
    </ClCompile>
    <ClCompile Include="..\..\..\src\bullet\BulletDynamics\ConstraintSolver\btGearConstraint.cpp">
      <Filter>blocks\Cinder-Bullet\bullet\BulletDynamics\ConstraintSolver</Filter>
    </ClCompile>
    <ClCompile Include="..\..\..\src\bullet\BulletDynamics\ConstraintSolver\btGeneric6DofConstraint.cpp">
      <Filter>blocks\Cinder-Bullet\bullet\BulletDynamics\ConstraintSolver</Filter>
    </ClCompile>
    <ClCompile Include="..\..\..\src\bullet\BulletDynamics\ConstraintSolver\btGeneric6DofSpringConstraint.cpp">
      <Filter>blocks\Cinder-Bullet\bullet\BulletDynamics\ConstraintSolver</Filter>
    </ClCompile>
    <ClCompile Include="..\..\..\src\bullet\BulletDynamics\ConstraintSolver\btHinge2Constraint.cpp">
      <Filter>blocks\Cinder-Bullet\bullet\BulletDynamics\ConstraintSolver</Filter>
    </ClCompile>
    <ClCompile Include="..\..\..\src\bullet\BulletDynamics\ConstraintSolver\btHingeConstraint.cpp">
      <Filter>blocks\Cinder-Bullet\bullet\BulletDynamics\ConstraintSolver</Filter>
    </ClCompile>
    <ClCompile Include="..\..\..\src\bullet\BulletDynamics\ConstraintSolver\btPoint2PointConstraint.cpp">
      <Filter>blocks\Cinder-Bullet\bullet\BulletDynamics\ConstraintSolver</Filter>
    </ClCompile>
    <ClCompile Include="..\..\..\src\bullet\BulletDynamics\ConstraintSolver\btSequentialImpulseConstraintSolver.cpp">
      <Filter>blocks\Cinder-Bullet\bullet\BulletDynamics\ConstraintSolver</Filter>
    </ClCompile>
    <ClCompile Include="..\..\..\src\bullet\BulletDynamics\ConstraintSolver\btSliderConstraint.cpp">
      <Filter>blocks\Cinder-Bullet\bullet\BulletDynamics\ConstraintSolver</Filter>
    </ClCompile>
    <ClCompile Include="..\..\..\src\bullet\BulletDynamics\ConstraintSolver\btSolve2LinearConstraint.cpp">
      <Filter>blocks\Cinder-Bullet\bullet\BulletDynamics\ConstraintSolver</Filter>
    </ClCompile>
    <ClCompile Include="..\..\..\src\bullet\BulletDynamics\ConstraintSolver\btTypedConstraint.cpp">
      <Filter>blocks\Cinder-Bullet\bullet\BulletDynamics\ConstraintSolver</Filter>
    </ClCompile>
    <ClCompile Include="..\..\..\src\bullet\BulletDynamics\ConstraintSolver\btUniversalConstraint.cpp">
      <Filter>blocks\Cinder-Bullet\bullet\BulletDynamics\ConstraintSolver</Filter>
    </ClCompile>
    <ClCompile Include="..\..\..\src\bullet\BulletDynamics\Character\btKinematicCharacterController.cpp">
      <Filter>blocks\Cinder-Bullet\bullet\BulletDynamics\Character</Filter>
    </ClCompile>
    <ClCompile Include="..\..\..\src\bullet\BulletSoftBody\btDefaultSoftBodySolver.cpp">
      <Filter>blocks\Cinder-Bullet\bullet\BulletSoftBody</Filter>
    </ClCompile>
    <ClCompile Include="..\..\..\src\bullet\BulletSoftBody\btSoftBody.cpp">
      <Filter>blocks\Cinder-Bullet\bullet\BulletSoftBody</Filter>
    </ClCompile>
    <ClCompile Include="..\..\..\src\bullet\BulletSoftBody\btSoftBodyConcaveCollisionAlgorithm.cpp">
      <Filter>blocks\Cinder-Bullet\bullet\BulletSoftBody</Filter>
    </ClCompile>
    <ClCompile Include="..\..\..\src\bullet\BulletSoftBody\btSoftBodyHelpers.cpp">
      <Filter>blocks\Cinder-Bullet\bullet\BulletSoftBody</Filter>
    </ClCompile>
    <ClCompile Include="..\..\..\src\bullet\BulletSoftBody\btSoftBodyRigidBodyCollisionConfiguration.cpp">
      <Filter>blocks\Cinder-Bullet\bullet\BulletSoftBody</Filter>
    </ClCompile>
    <ClCompile Include="..\..\..\src\bullet\BulletSoftBody\btSoftRigidCollisionAlgorithm.cpp">
      <Filter>blocks\Cinder-Bullet\bullet\BulletSoftBody</Filter>
    </ClCompile>
    <ClCompile Include="..\..\..\src\bullet\BulletSoftBody\btSoftRigidDynamicsWorld.cpp">
      <Filter>blocks\Cinder-Bullet\bullet\BulletSoftBody</Filter>
    </ClCompile>
    <ClCompile Include="..\..\..\src\bullet\BulletSoftBody\btSoftSoftCollisionAlgorithm.cpp">
      <Filter>blocks\Cinder-Bullet\bullet\BulletSoftBody</Filter>
    </ClCompile>
    <ClCompile Include="..\..\..\src\bullet\LinearMath\btAlignedAllocator.cpp">
      <Filter>blocks\Cinder-Bullet\bullet\LinearMath</Filter>
    </ClCompile>
    <ClCompile Include="..\..\..\src\bullet\LinearMath\btConvexHull.cpp">
      <Filter>blocks\Cinder-Bullet\bullet\LinearMath</Filter>
    </ClCompile>
    <ClCompile Include="..\..\..\src\bullet\LinearMath\btConvexHullComputer.cpp">
      <Filter>blocks\Cinder-Bullet\bullet\LinearMath</Filter>
    </ClCompile>
    <ClCompile Include="..\..\..\src\bullet\LinearMath\btGeometryUtil.cpp">
      <Filter>blocks\Cinder-Bullet\bullet\LinearMath</Filter>
    </ClCompile>
    <ClCompile Include="..\..\..\src\bullet\LinearMath\btPolarDecomposition.cpp">
      <Filter>blocks\Cinder-Bullet\bullet\LinearMath</Filter>
    </ClCompile>
    <ClCompile Include="..\..\..\src\bullet\LinearMath\btQuickprof.cpp">
      <Filter>blocks\Cinder-Bullet\bullet\LinearMath</Filter>
    </ClCompile>
    <ClCompile Include="..\..\..\src\bullet\LinearMath\btSerializer.cpp">
      <Filter>blocks\Cinder-Bullet\bullet\LinearMath</Filter>
    </ClCompile>
    <ClCompile Include="..\..\..\src\bullet\LinearMath\btVector3.cpp">
      <Filter>blocks\Cinder-Bullet\bullet\LinearMath</Filter>
    </ClCompile>
    <ClCompile Include="..\..\..\..\Cinder-MeshHelper\src\MeshHelper.cpp">
      <Filter>blocks\Cinder-MeshHelper\src</Filter>
    </ClCompile>
  </ItemGroup>
  <ItemGroup>
    <ResourceCompile Include="Resources.rc">
      <Filter>Resources</Filter>
    </ResourceCompile>
  </ItemGroup>
  <ItemGroup>
    <None Include="..\resources\heightfield.png">
      <Filter>Resources</Filter>
    </None>
    <None Include="..\resources\heightfield_sm.jpg">
      <Filter>Resources</Filter>
    </None>
    <None Include="..\resources\tex_sphere.jpg">
      <Filter>Resources</Filter>
    </None>
    <None Include="..\resources\tex_square.png">
      <Filter>Resources</Filter>
    </None>
    <None Include="..\resources\tex_terrain.jpg">
      <Filter>Resources</Filter>
    </None>
  </ItemGroup>
</Project>